// !$*UTF8*$!
{
	archiveVersion = 1;
	classes = {
	};
	objectVersion = 56;
	objects = {

/* Begin PBXBuildFile section */
		8E05369D2C864B6D00EAD61E /* TextModifiers.swift in Sources */ = {isa = PBXBuildFile; fileRef = 8E05369C2C864B6D00EAD61E /* TextModifiers.swift */; };
		8EF3BF772C84ED380074E6C7 /* LinguaStackApp.swift in Sources */ = {isa = PBXBuildFile; fileRef = 8EF3BF762C84ED380074E6C7 /* LinguaStackApp.swift */; };
		8EF3BF792C84ED380074E6C7 /* ContentView.swift in Sources */ = {isa = PBXBuildFile; fileRef = 8EF3BF782C84ED380074E6C7 /* ContentView.swift */; };
		8EF3BF7B2C84ED3A0074E6C7 /* Assets.xcassets in Resources */ = {isa = PBXBuildFile; fileRef = 8EF3BF7A2C84ED3A0074E6C7 /* Assets.xcassets */; };
		8EF3BF7E2C84ED3A0074E6C7 /* Preview Assets.xcassets in Resources */ = {isa = PBXBuildFile; fileRef = 8EF3BF7D2C84ED3A0074E6C7 /* Preview Assets.xcassets */; };
		8EF3BF852C84ED600074E6C7 /* JailbreakView.swift in Sources */ = {isa = PBXBuildFile; fileRef = 8EF3BF842C84ED600074E6C7 /* JailbreakView.swift */; };
		8EF3BF872C84F0BC0074E6C7 /* WelcomeView.swift in Sources */ = {isa = PBXBuildFile; fileRef = 8EF3BF862C84F0BC0074E6C7 /* WelcomeView.swift */; };
		8EF3BF892C84F1180074E6C7 /* NotificationsView.swift in Sources */ = {isa = PBXBuildFile; fileRef = 8EF3BF882C84F1180074E6C7 /* NotificationsView.swift */; };
		8EF3BF8B2C85010E0074E6C7 /* AnimatingSFSymbolModifier.swift in Sources */ = {isa = PBXBuildFile; fileRef = 8EF3BF8A2C85010E0074E6C7 /* AnimatingSFSymbolModifier.swift */; };
		8EF6F1342C85C281005B8154 /* ConditionalButtonStyle.swift in Sources */ = {isa = PBXBuildFile; fileRef = 8EF6F1332C85C281005B8154 /* ConditionalButtonStyle.swift */; };
		8EF6F1362C85C5E4005B8154 /* UIScreenExt.swift in Sources */ = {isa = PBXBuildFile; fileRef = 8EF6F1352C85C5E4005B8154 /* UIScreenExt.swift */; };
		8EF6F1382C85CE47005B8154 /* NotificationService.swift in Sources */ = {isa = PBXBuildFile; fileRef = 8EF6F1372C85CE47005B8154 /* NotificationService.swift */; };
		8EF6F13E2C85DA73005B8154 /* SettingsView.swift in Sources */ = {isa = PBXBuildFile; fileRef = 8EF6F13D2C85DA73005B8154 /* SettingsView.swift */; };
/* End PBXBuildFile section */

/* Begin PBXFileReference section */
		8E05369C2C864B6D00EAD61E /* TextModifiers.swift */ = {isa = PBXFileReference; lastKnownFileType = sourcecode.swift; path = TextModifiers.swift; sourceTree = "<group>"; };
		8EF3BF732C84ED380074E6C7 /* LinguaStack.app */ = {isa = PBXFileReference; explicitFileType = wrapper.application; includeInIndex = 0; path = LinguaStack.app; sourceTree = BUILT_PRODUCTS_DIR; };
		8EF3BF762C84ED380074E6C7 /* LinguaStackApp.swift */ = {isa = PBXFileReference; lastKnownFileType = sourcecode.swift; path = LinguaStackApp.swift; sourceTree = "<group>"; };
		8EF3BF782C84ED380074E6C7 /* ContentView.swift */ = {isa = PBXFileReference; lastKnownFileType = sourcecode.swift; path = ContentView.swift; sourceTree = "<group>"; };
		8EF3BF7A2C84ED3A0074E6C7 /* Assets.xcassets */ = {isa = PBXFileReference; lastKnownFileType = folder.assetcatalog; path = Assets.xcassets; sourceTree = "<group>"; };
		8EF3BF7D2C84ED3A0074E6C7 /* Preview Assets.xcassets */ = {isa = PBXFileReference; lastKnownFileType = folder.assetcatalog; path = "Preview Assets.xcassets"; sourceTree = "<group>"; };
		8EF3BF842C84ED600074E6C7 /* JailbreakView.swift */ = {isa = PBXFileReference; lastKnownFileType = sourcecode.swift; path = JailbreakView.swift; sourceTree = "<group>"; };
		8EF3BF862C84F0BC0074E6C7 /* WelcomeView.swift */ = {isa = PBXFileReference; lastKnownFileType = sourcecode.swift; path = WelcomeView.swift; sourceTree = "<group>"; };
		8EF3BF882C84F1180074E6C7 /* NotificationsView.swift */ = {isa = PBXFileReference; lastKnownFileType = sourcecode.swift; path = NotificationsView.swift; sourceTree = "<group>"; };
		8EF3BF8A2C85010E0074E6C7 /* AnimatingSFSymbolModifier.swift */ = {isa = PBXFileReference; lastKnownFileType = sourcecode.swift; path = AnimatingSFSymbolModifier.swift; sourceTree = "<group>"; };
		8EF6F1332C85C281005B8154 /* ConditionalButtonStyle.swift */ = {isa = PBXFileReference; lastKnownFileType = sourcecode.swift; path = ConditionalButtonStyle.swift; sourceTree = "<group>"; };
		8EF6F1352C85C5E4005B8154 /* UIScreenExt.swift */ = {isa = PBXFileReference; lastKnownFileType = sourcecode.swift; path = UIScreenExt.swift; sourceTree = "<group>"; };
		8EF6F1372C85CE47005B8154 /* NotificationService.swift */ = {isa = PBXFileReference; lastKnownFileType = sourcecode.swift; path = NotificationService.swift; sourceTree = "<group>"; };
		8EF6F13D2C85DA73005B8154 /* SettingsView.swift */ = {isa = PBXFileReference; lastKnownFileType = sourcecode.swift; path = SettingsView.swift; sourceTree = "<group>"; };
/* End PBXFileReference section */

/* Begin PBXFrameworksBuildPhase section */
		8EF3BF702C84ED380074E6C7 /* Frameworks */ = {
			isa = PBXFrameworksBuildPhase;
			buildActionMask = 2147483647;
			files = (
			);
			runOnlyForDeploymentPostprocessing = 0;
		};
/* End PBXFrameworksBuildPhase section */

/* Begin PBXGroup section */
		8EF3BF6A2C84ED380074E6C7 = {
			isa = PBXGroup;
			children = (
				8EF3BF752C84ED380074E6C7 /* LinguaStack */,
				8EF3BF742C84ED380074E6C7 /* Products */,
			);
			sourceTree = "<group>";
		};
		8EF3BF742C84ED380074E6C7 /* Products */ = {
			isa = PBXGroup;
			children = (
				8EF3BF732C84ED380074E6C7 /* LinguaStack.app */,
			);
			name = Products;
			sourceTree = "<group>";
		};
		8EF3BF752C84ED380074E6C7 /* LinguaStack */ = {
			isa = PBXGroup;
			children = (
				8EF3BF762C84ED380074E6C7 /* LinguaStackApp.swift */,
				8EF3BF782C84ED380074E6C7 /* ContentView.swift */,
				8EF3BF8C2C8502A40074E6C7 /* Views */,
				8EF3BF8D2C8502B00074E6C7 /* Modifiers */,
				8EF6F13B2C85D9CF005B8154 /* Services */,
				8EF6F13A2C85D9BF005B8154 /* Extensions */,
				8EF3BF7A2C84ED3A0074E6C7 /* Assets.xcassets */,
				8EF3BF7C2C84ED3A0074E6C7 /* Preview Content */,
			);
			path = LinguaStack;
			sourceTree = "<group>";
		};
		8EF3BF7C2C84ED3A0074E6C7 /* Preview Content */ = {
			isa = PBXGroup;
			children = (
				8EF3BF7D2C84ED3A0074E6C7 /* Preview Assets.xcassets */,
			);
			path = "Preview Content";
			sourceTree = "<group>";
		};
		8EF3BF8C2C8502A40074E6C7 /* Views */ = {
			isa = PBXGroup;
			children = (
				8EF6F13C2C85DA5A005B8154 /* SystemViews */,
			);
			path = Views;
			sourceTree = "<group>";
		};
		8EF3BF8D2C8502B00074E6C7 /* Modifiers */ = {
			isa = PBXGroup;
			children = (
				8EF6F1332C85C281005B8154 /* ConditionalButtonStyle.swift */,
				8EF3BF8A2C85010E0074E6C7 /* AnimatingSFSymbolModifier.swift */,
				8E05369C2C864B6D00EAD61E /* TextModifiers.swift */,
			);
			path = Modifiers;
			sourceTree = "<group>";
		};
		8EF6F13A2C85D9BF005B8154 /* Extensions */ = {
			isa = PBXGroup;
			children = (
				8EF6F1352C85C5E4005B8154 /* UIScreenExt.swift */,
			);
			path = Extensions;
			sourceTree = "<group>";
		};
		8EF6F13B2C85D9CF005B8154 /* Services */ = {
			isa = PBXGroup;
			children = (
				8EF6F1372C85CE47005B8154 /* NotificationService.swift */,
			);
			path = Services;
			sourceTree = "<group>";
		};
		8EF6F13C2C85DA5A005B8154 /* SystemViews */ = {
			isa = PBXGroup;
			children = (
				8EF3BF862C84F0BC0074E6C7 /* WelcomeView.swift */,
				8EF3BF882C84F1180074E6C7 /* NotificationsView.swift */,
				8EF3BF842C84ED600074E6C7 /* JailbreakView.swift */,
				8EF6F13D2C85DA73005B8154 /* SettingsView.swift */,
			);
			path = SystemViews;
			sourceTree = "<group>";
		};
/* End PBXGroup section */

/* Begin PBXNativeTarget section */
		8EF3BF722C84ED380074E6C7 /* LinguaStack */ = {
			isa = PBXNativeTarget;
			buildConfigurationList = 8EF3BF812C84ED3A0074E6C7 /* Build configuration list for PBXNativeTarget "LinguaStack" */;
			buildPhases = (
				8EF3BF6F2C84ED380074E6C7 /* Sources */,
				8EF3BF702C84ED380074E6C7 /* Frameworks */,
				8EF3BF712C84ED380074E6C7 /* Resources */,
			);
			buildRules = (
			);
			dependencies = (
			);
			name = LinguaStack;
			productName = LinguaStack;
			productReference = 8EF3BF732C84ED380074E6C7 /* LinguaStack.app */;
			productType = "com.apple.product-type.application";
		};
/* End PBXNativeTarget section */

/* Begin PBXProject section */
		8EF3BF6B2C84ED380074E6C7 /* Project object */ = {
			isa = PBXProject;
			attributes = {
				BuildIndependentTargetsInParallel = 1;
				LastSwiftUpdateCheck = 1540;
				LastUpgradeCheck = 1540;
				ORGANIZATIONNAME = "Filipp Lazarev";
				TargetAttributes = {
					8EF3BF722C84ED380074E6C7 = {
						CreatedOnToolsVersion = 15.4;
					};
				};
			};
			buildConfigurationList = 8EF3BF6E2C84ED380074E6C7 /* Build configuration list for PBXProject "LinguaStack" */;
			compatibilityVersion = "Xcode 14.0";
			developmentRegion = en;
			hasScannedForEncodings = 0;
			knownRegions = (
				en,
				Base,
			);
			mainGroup = 8EF3BF6A2C84ED380074E6C7;
			productRefGroup = 8EF3BF742C84ED380074E6C7 /* Products */;
			projectDirPath = "";
			projectRoot = "";
			targets = (
				8EF3BF722C84ED380074E6C7 /* LinguaStack */,
			);
		};
/* End PBXProject section */

/* Begin PBXResourcesBuildPhase section */
		8EF3BF712C84ED380074E6C7 /* Resources */ = {
			isa = PBXResourcesBuildPhase;
			buildActionMask = 2147483647;
			files = (
				8EF3BF7E2C84ED3A0074E6C7 /* Preview Assets.xcassets in Resources */,
				8EF3BF7B2C84ED3A0074E6C7 /* Assets.xcassets in Resources */,
			);
			runOnlyForDeploymentPostprocessing = 0;
		};
/* End PBXResourcesBuildPhase section */

/* Begin PBXSourcesBuildPhase section */
		8EF3BF6F2C84ED380074E6C7 /* Sources */ = {
			isa = PBXSourcesBuildPhase;
			buildActionMask = 2147483647;
			files = (
				8EF3BF792C84ED380074E6C7 /* ContentView.swift in Sources */,
				8EF3BF892C84F1180074E6C7 /* NotificationsView.swift in Sources */,
				8EF6F1342C85C281005B8154 /* ConditionalButtonStyle.swift in Sources */,
				8EF6F1362C85C5E4005B8154 /* UIScreenExt.swift in Sources */,
				8EF6F1382C85CE47005B8154 /* NotificationService.swift in Sources */,
				8EF6F13E2C85DA73005B8154 /* SettingsView.swift in Sources */,
				8EF3BF8B2C85010E0074E6C7 /* AnimatingSFSymbolModifier.swift in Sources */,
				8EF3BF852C84ED600074E6C7 /* JailbreakView.swift in Sources */,
				8EF3BF772C84ED380074E6C7 /* LinguaStackApp.swift in Sources */,
				8EF3BF872C84F0BC0074E6C7 /* WelcomeView.swift in Sources */,
				8E05369D2C864B6D00EAD61E /* TextModifiers.swift in Sources */,
			);
			runOnlyForDeploymentPostprocessing = 0;
		};
/* End PBXSourcesBuildPhase section */

/* Begin XCBuildConfiguration section */
		8EF3BF7F2C84ED3A0074E6C7 /* Debug */ = {
			isa = XCBuildConfiguration;
			buildSettings = {
				ALWAYS_SEARCH_USER_PATHS = NO;
				ASSETCATALOG_COMPILER_GENERATE_SWIFT_ASSET_SYMBOL_EXTENSIONS = YES;
				CLANG_ANALYZER_NONNULL = YES;
				CLANG_ANALYZER_NUMBER_OBJECT_CONVERSION = YES_AGGRESSIVE;
				CLANG_CXX_LANGUAGE_STANDARD = "gnu++20";
				CLANG_ENABLE_MODULES = YES;
				CLANG_ENABLE_OBJC_ARC = YES;
				CLANG_ENABLE_OBJC_WEAK = YES;
				CLANG_WARN_BLOCK_CAPTURE_AUTORELEASING = YES;
				CLANG_WARN_BOOL_CONVERSION = YES;
				CLANG_WARN_COMMA = YES;
				CLANG_WARN_CONSTANT_CONVERSION = YES;
				CLANG_WARN_DEPRECATED_OBJC_IMPLEMENTATIONS = YES;
				CLANG_WARN_DIRECT_OBJC_ISA_USAGE = YES_ERROR;
				CLANG_WARN_DOCUMENTATION_COMMENTS = YES;
				CLANG_WARN_EMPTY_BODY = YES;
				CLANG_WARN_ENUM_CONVERSION = YES;
				CLANG_WARN_INFINITE_RECURSION = YES;
				CLANG_WARN_INT_CONVERSION = YES;
				CLANG_WARN_NON_LITERAL_NULL_CONVERSION = YES;
				CLANG_WARN_OBJC_IMPLICIT_RETAIN_SELF = YES;
				CLANG_WARN_OBJC_LITERAL_CONVERSION = YES;
				CLANG_WARN_OBJC_ROOT_CLASS = YES_ERROR;
				CLANG_WARN_QUOTED_INCLUDE_IN_FRAMEWORK_HEADER = YES;
				CLANG_WARN_RANGE_LOOP_ANALYSIS = YES;
				CLANG_WARN_STRICT_PROTOTYPES = YES;
				CLANG_WARN_SUSPICIOUS_MOVE = YES;
				CLANG_WARN_UNGUARDED_AVAILABILITY = YES_AGGRESSIVE;
				CLANG_WARN_UNREACHABLE_CODE = YES;
				CLANG_WARN__DUPLICATE_METHOD_MATCH = YES;
				COPY_PHASE_STRIP = NO;
				DEBUG_INFORMATION_FORMAT = dwarf;
				ENABLE_STRICT_OBJC_MSGSEND = YES;
				ENABLE_TESTABILITY = YES;
				ENABLE_USER_SCRIPT_SANDBOXING = YES;
				GCC_C_LANGUAGE_STANDARD = gnu17;
				GCC_DYNAMIC_NO_PIC = NO;
				GCC_NO_COMMON_BLOCKS = YES;
				GCC_OPTIMIZATION_LEVEL = 0;
				GCC_PREPROCESSOR_DEFINITIONS = (
					"DEBUG=1",
					"$(inherited)",
				);
				GCC_WARN_64_TO_32_BIT_CONVERSION = YES;
				GCC_WARN_ABOUT_RETURN_TYPE = YES_ERROR;
				GCC_WARN_UNDECLARED_SELECTOR = YES;
				GCC_WARN_UNINITIALIZED_AUTOS = YES_AGGRESSIVE;
				GCC_WARN_UNUSED_FUNCTION = YES;
				GCC_WARN_UNUSED_VARIABLE = YES;
				IPHONEOS_DEPLOYMENT_TARGET = 17.0;
				LOCALIZATION_PREFERS_STRING_CATALOGS = YES;
				MTL_ENABLE_DEBUG_INFO = INCLUDE_SOURCE;
				MTL_FAST_MATH = YES;
				ONLY_ACTIVE_ARCH = YES;
				SDKROOT = iphoneos;
				SWIFT_ACTIVE_COMPILATION_CONDITIONS = "DEBUG $(inherited)";
				SWIFT_OPTIMIZATION_LEVEL = "-Onone";
			};
			name = Debug;
		};
		8EF3BF802C84ED3A0074E6C7 /* Release */ = {
			isa = XCBuildConfiguration;
			buildSettings = {
				ALWAYS_SEARCH_USER_PATHS = NO;
				ASSETCATALOG_COMPILER_GENERATE_SWIFT_ASSET_SYMBOL_EXTENSIONS = YES;
				CLANG_ANALYZER_NONNULL = YES;
				CLANG_ANALYZER_NUMBER_OBJECT_CONVERSION = YES_AGGRESSIVE;
				CLANG_CXX_LANGUAGE_STANDARD = "gnu++20";
				CLANG_ENABLE_MODULES = YES;
				CLANG_ENABLE_OBJC_ARC = YES;
				CLANG_ENABLE_OBJC_WEAK = YES;
				CLANG_WARN_BLOCK_CAPTURE_AUTORELEASING = YES;
				CLANG_WARN_BOOL_CONVERSION = YES;
				CLANG_WARN_COMMA = YES;
				CLANG_WARN_CONSTANT_CONVERSION = YES;
				CLANG_WARN_DEPRECATED_OBJC_IMPLEMENTATIONS = YES;
				CLANG_WARN_DIRECT_OBJC_ISA_USAGE = YES_ERROR;
				CLANG_WARN_DOCUMENTATION_COMMENTS = YES;
				CLANG_WARN_EMPTY_BODY = YES;
				CLANG_WARN_ENUM_CONVERSION = YES;
				CLANG_WARN_INFINITE_RECURSION = YES;
				CLANG_WARN_INT_CONVERSION = YES;
				CLANG_WARN_NON_LITERAL_NULL_CONVERSION = YES;
				CLANG_WARN_OBJC_IMPLICIT_RETAIN_SELF = YES;
				CLANG_WARN_OBJC_LITERAL_CONVERSION = YES;
				CLANG_WARN_OBJC_ROOT_CLASS = YES_ERROR;
				CLANG_WARN_QUOTED_INCLUDE_IN_FRAMEWORK_HEADER = YES;
				CLANG_WARN_RANGE_LOOP_ANALYSIS = YES;
				CLANG_WARN_STRICT_PROTOTYPES = YES;
				CLANG_WARN_SUSPICIOUS_MOVE = YES;
				CLANG_WARN_UNGUARDED_AVAILABILITY = YES_AGGRESSIVE;
				CLANG_WARN_UNREACHABLE_CODE = YES;
				CLANG_WARN__DUPLICATE_METHOD_MATCH = YES;
				COPY_PHASE_STRIP = NO;
				DEBUG_INFORMATION_FORMAT = "dwarf-with-dsym";
				ENABLE_NS_ASSERTIONS = NO;
				ENABLE_STRICT_OBJC_MSGSEND = YES;
				ENABLE_USER_SCRIPT_SANDBOXING = YES;
				GCC_C_LANGUAGE_STANDARD = gnu17;
				GCC_NO_COMMON_BLOCKS = YES;
				GCC_WARN_64_TO_32_BIT_CONVERSION = YES;
				GCC_WARN_ABOUT_RETURN_TYPE = YES_ERROR;
				GCC_WARN_UNDECLARED_SELECTOR = YES;
				GCC_WARN_UNINITIALIZED_AUTOS = YES_AGGRESSIVE;
				GCC_WARN_UNUSED_FUNCTION = YES;
				GCC_WARN_UNUSED_VARIABLE = YES;
				IPHONEOS_DEPLOYMENT_TARGET = 17.0;
				LOCALIZATION_PREFERS_STRING_CATALOGS = YES;
				MTL_ENABLE_DEBUG_INFO = NO;
				MTL_FAST_MATH = YES;
				SDKROOT = iphoneos;
				SWIFT_COMPILATION_MODE = wholemodule;
				VALIDATE_PRODUCT = YES;
			};
			name = Release;
		};
		8EF3BF822C84ED3A0074E6C7 /* Debug */ = {
			isa = XCBuildConfiguration;
			buildSettings = {
				ASSETCATALOG_COMPILER_APPICON_NAME = AppIcon;
				ASSETCATALOG_COMPILER_GLOBAL_ACCENT_COLOR_NAME = AccentColor;
				CODE_SIGN_STYLE = Automatic;
				CURRENT_PROJECT_VERSION = 1;
				DEVELOPMENT_ASSET_PATHS = "\"LinguaStack/Preview Content\"";
				DEVELOPMENT_TEAM = M4YMDNRFZP;
				ENABLE_PREVIEWS = YES;
				GENERATE_INFOPLIST_FILE = YES;
				INFOPLIST_KEY_CFBundleDisplayName = LinguaStack;
				INFOPLIST_KEY_LSApplicationCategoryType = "public.app-category.education";
				INFOPLIST_KEY_UIApplicationSceneManifest_Generation = YES;
				INFOPLIST_KEY_UIApplicationSupportsIndirectInputEvents = YES;
				INFOPLIST_KEY_UILaunchScreen_Generation = YES;
				INFOPLIST_KEY_UISupportedInterfaceOrientations_iPad = "UIInterfaceOrientationPortrait UIInterfaceOrientationPortraitUpsideDown UIInterfaceOrientationLandscapeLeft UIInterfaceOrientationLandscapeRight";
				INFOPLIST_KEY_UISupportedInterfaceOrientations_iPhone = "UIInterfaceOrientationPortrait UIInterfaceOrientationLandscapeLeft UIInterfaceOrientationLandscapeRight";
				IPHONEOS_DEPLOYMENT_TARGET = 17.0;
				LD_RUNPATH_SEARCH_PATHS = (
					"$(inherited)",
					"@executable_path/Frameworks",
				);
				MARKETING_VERSION = 1.0;
				PRODUCT_BUNDLE_IDENTIFIER = "Filipp-Lazarev.LinguaStack";
				PRODUCT_NAME = "$(TARGET_NAME)";
				SWIFT_EMIT_LOC_STRINGS = YES;
				SWIFT_VERSION = 5.0;
				TARGETED_DEVICE_FAMILY = "1,2";
			};
			name = Debug;
		};
		8EF3BF832C84ED3A0074E6C7 /* Release */ = {
			isa = XCBuildConfiguration;
			buildSettings = {
				ASSETCATALOG_COMPILER_APPICON_NAME = AppIcon;
				ASSETCATALOG_COMPILER_GLOBAL_ACCENT_COLOR_NAME = AccentColor;
				CODE_SIGN_STYLE = Automatic;
				CURRENT_PROJECT_VERSION = 1;
				DEVELOPMENT_ASSET_PATHS = "\"LinguaStack/Preview Content\"";
				DEVELOPMENT_TEAM = M4YMDNRFZP;
				ENABLE_PREVIEWS = YES;
				GENERATE_INFOPLIST_FILE = YES;
				INFOPLIST_KEY_CFBundleDisplayName = LinguaStack;
				INFOPLIST_KEY_LSApplicationCategoryType = "public.app-category.education";
				INFOPLIST_KEY_UIApplicationSceneManifest_Generation = YES;
				INFOPLIST_KEY_UIApplicationSupportsIndirectInputEvents = YES;
				INFOPLIST_KEY_UILaunchScreen_Generation = YES;
				INFOPLIST_KEY_UISupportedInterfaceOrientations_iPad = "UIInterfaceOrientationPortrait UIInterfaceOrientationPortraitUpsideDown UIInterfaceOrientationLandscapeLeft UIInterfaceOrientationLandscapeRight";
				INFOPLIST_KEY_UISupportedInterfaceOrientations_iPhone = "UIInterfaceOrientationPortrait UIInterfaceOrientationLandscapeLeft UIInterfaceOrientationLandscapeRight";
				IPHONEOS_DEPLOYMENT_TARGET = 17.0;
				LD_RUNPATH_SEARCH_PATHS = (
					"$(inherited)",
					"@executable_path/Frameworks",
				);
				MARKETING_VERSION = 1.0;
				PRODUCT_BUNDLE_IDENTIFIER = "Filipp-Lazarev.LinguaStack";
				PRODUCT_NAME = "$(TARGET_NAME)";
				SWIFT_EMIT_LOC_STRINGS = YES;
				SWIFT_VERSION = 5.0;
				TARGETED_DEVICE_FAMILY = "1,2";
			};
			name = Release;
		};
/* End XCBuildConfiguration section */

/* Begin XCConfigurationList section */
		8EF3BF6E2C84ED380074E6C7 /* Build configuration list for PBXProject "LinguaStack" */ = {
			isa = XCConfigurationList;
			buildConfigurations = (
				8EF3BF7F2C84ED3A0074E6C7 /* Debug */,
				8EF3BF802C84ED3A0074E6C7 /* Release */,
			);
			defaultConfigurationIsVisible = 0;
			defaultConfigurationName = Release;
		};
		8EF3BF812C84ED3A0074E6C7 /* Build configuration list for PBXNativeTarget "LinguaStack" */ = {
			isa = XCConfigurationList;
			buildConfigurations = (
				8EF3BF822C84ED3A0074E6C7 /* Debug */,
				8EF3BF832C84ED3A0074E6C7 /* Release */,
			);
			defaultConfigurationIsVisible = 0;
			defaultConfigurationName = Release;
		};
/* End XCConfigurationList section */
	};
	rootObject = 8EF3BF6B2C84ED380074E6C7 /* Project object */;
}
